
Microsoft Visual Studio Solution File, Format Version 11.00
# Visual Studio 2010
Project("{FAE04EC0-301F-11D3-BF4B-00C04F79EFBC}") = "WM7Mockup", "WM7Mockup\WM7Mockup.csproj", "{562d736c-87dd-43a9-9c18-a8837244974a}"
EndProject
Global
	GlobalSection(SolutionConfigurationPlatforms) = preSolution
		Debug|Any CPU = Debug|Any CPU
		Release|Any CPU = Release|Any CPU
	EndGlobalSection
	GlobalSection(ProjectConfigurationPlatforms) = postSolution
		{562D736C-87DD-43A9-9C18-A8837244974A}.Debug|Any CPU.ActiveCfg = Debug|Any CPU
		{562D736C-87DD-43A9-9C18-A8837244974A}.Debug|Any CPU.Build.0 = Debug|Any CPU
		{562D736C-87DD-43A9-9C18-A8837244974A}.Release|Any CPU.ActiveCfg = Release|Any CPU
		{562D736C-87DD-43A9-9C18-A8837244974A}.Release|Any CPU.Build.0 = Release|Any CPU
	EndGlobalSection
EndGlobal
