
Microsoft Visual Studio Solution File, Format Version 11.00
# Visual Studio 2010
Project("{FAE04EC0-301F-11D3-BF4B-00C04F79EFBC}") = "MetroLibrary", "MetroLibrary\MetroLibrary.csproj", "{d40636fc-2107-4087-a749-2c46b52e7324}"
EndProject
Global
	GlobalSection(SolutionConfigurationPlatforms) = preSolution
		Debug|Any CPU = Debug|Any CPU
		Release|Any CPU = Release|Any CPU
	EndGlobalSection
	GlobalSection(ProjectConfigurationPlatforms) = postSolution
		{D40636FC-2107-4087-A749-2C46B52E7324}.Debug|Any CPU.ActiveCfg = Debug|Any CPU
		{D40636FC-2107-4087-A749-2C46B52E7324}.Debug|Any CPU.Build.0 = Debug|Any CPU
		{D40636FC-2107-4087-A749-2C46B52E7324}.Release|Any CPU.ActiveCfg = Release|Any CPU
		{D40636FC-2107-4087-A749-2C46B52E7324}.Release|Any CPU.Build.0 = Release|Any CPU
	EndGlobalSection
EndGlobal
