
Microsoft Visual Studio Solution File, Format Version 11.00
# Visual Studio 2010
Project("{FAE04EC0-301F-11D3-BF4B-00C04F79EFBC}") = "MetroLibraryTest_Phone", "MetroLibraryTest_Phone\MetroLibraryTest_Phone.csproj", "{670b3c24-a4f2-472d-9d0f-749d868aa134}"
EndProject
Global
	GlobalSection(SolutionConfigurationPlatforms) = preSolution
		Debug|Any CPU = Debug|Any CPU
		Release|Any CPU = Release|Any CPU
	EndGlobalSection
	GlobalSection(ProjectConfigurationPlatforms) = postSolution
		{670B3C24-A4F2-472D-9D0F-749D868AA134}.Debug|Any CPU.ActiveCfg = Debug|Any CPU
		{670B3C24-A4F2-472D-9D0F-749D868AA134}.Debug|Any CPU.Build.0 = Debug|Any CPU
		{670B3C24-A4F2-472D-9D0F-749D868AA134}.Release|Any CPU.ActiveCfg = Release|Any CPU
		{670B3C24-A4F2-472D-9D0F-749D868AA134}.Release|Any CPU.Build.0 = Release|Any CPU
	EndGlobalSection
EndGlobal
